
Microsoft Visual Studio Solution File, Format Version 12.00
# Visual Studio Version 17
VisualStudioVersion = 17.2.32630.192
MinimumVisualStudioVersion = 10.0.40219.1
Project("{FAE04EC0-301F-11D3-BF4B-00C04F79EFBC}") = "ConsoleApp3", "ConsoleApp3.csproj", "{68AB854C-FC31-434B-8DCB-DBB22B42DD22}"
EndProject
Global
	GlobalSection(SolutionConfigurationPlatforms) = preSolution
		Debug|Any CPU = Debug|Any CPU
		Release|Any CPU = Release|Any CPU
	EndGlobalSection
	GlobalSection(ProjectConfigurationPlatforms) = postSolution
		{68AB854C-FC31-434B-8DCB-DBB22B42DD22}.Debug|Any CPU.ActiveCfg = Debug|Any CPU
		{68AB854C-FC31-434B-8DCB-DBB22B42DD22}.Debug|Any CPU.Build.0 = Debug|Any CPU
		{68AB854C-FC31-434B-8DCB-DBB22B42DD22}.Release|Any CPU.ActiveCfg = Release|Any CPU
		{68AB854C-FC31-434B-8DCB-DBB22B42DD22}.Release|Any CPU.Build.0 = Release|Any CPU
	EndGlobalSection
	GlobalSection(SolutionProperties) = preSolution
		HideSolutionNode = FALSE
	EndGlobalSection
	GlobalSection(ExtensibilityGlobals) = postSolution
		SolutionGuid = {E3928A3F-00EC-4A41-8604-5A82352951C5}
	EndGlobalSection
EndGlobal
